
Microsoft Visual Studio Solution File, Format Version 12.00
# Visual Studio Version 16
VisualStudioVersion = 16.0.29613.14
MinimumVisualStudioVersion = 10.0.40219.1
Project("{8BC9CEB8-8B4A-11D0-8D11-00A0C91BC942}") = "BD-Scan", "BD-Scan\BD-Scan.vcxproj", "{BB708DEA-4A34-4B4A-BFCD-20E65F193305}"
EndProject
Global
	GlobalSection(SolutionConfigurationPlatforms) = preSolution
		Debug|x64 = Debug|x64
		Debug|x86 = Debug|x86
		Release|x64 = Release|x64
		Release|x86 = Release|x86
	EndGlobalSection
	GlobalSection(ProjectConfigurationPlatforms) = postSolution
		{BB708DEA-4A34-4B4A-BFCD-20E65F193305}.Debug|x64.ActiveCfg = Debug|x64
		{BB708DEA-4A34-4B4A-BFCD-20E65F193305}.Debug|x64.Build.0 = Debug|x64
		{BB708DEA-4A34-4B4A-BFCD-20E65F193305}.Debug|x86.ActiveCfg = Debug|Win32
		{BB708DEA-4A34-4B4A-BFCD-20E65F193305}.Debug|x86.Build.0 = Debug|Win32
		{BB708DEA-4A34-4B4A-BFCD-20E65F193305}.Release|x64.ActiveCfg = Release|x64
		{BB708DEA-4A34-4B4A-BFCD-20E65F193305}.Release|x64.Build.0 = Release|x64
		{BB708DEA-4A34-4B4A-BFCD-20E65F193305}.Release|x86.ActiveCfg = Release|Win32
		{BB708DEA-4A34-4B4A-BFCD-20E65F193305}.Release|x86.Build.0 = Release|Win32
	EndGlobalSection
	GlobalSection(SolutionProperties) = preSolution
		HideSolutionNode = FALSE
	EndGlobalSection
	GlobalSection(ExtensibilityGlobals) = postSolution
		SolutionGuid = {B46B8B31-3771-41BB-B5A5-89DE0CDF281C}
	EndGlobalSection
EndGlobal
